// !$*UTF8*$!
{
	archiveVersion = 1;
	classes = {
	};
	objectVersion = 46;
	objects = {

/* Begin PBXBuildFile section */
		84ABFB9C1ECDB0EE000E86DF /* AppDelegate.swift in Sources */ = {isa = PBXBuildFile; fileRef = 84ABFB9B1ECDB0EE000E86DF /* AppDelegate.swift */; };
		84ABFB9E1ECDB0EE000E86DF /* StartVC.swift in Sources */ = {isa = PBXBuildFile; fileRef = 84ABFB9D1ECDB0EE000E86DF /* StartVC.swift */; };
		84ABFBA11ECDB0EE000E86DF /* Main.storyboard in Resources */ = {isa = PBXBuildFile; fileRef = 84ABFB9F1ECDB0EE000E86DF /* Main.storyboard */; };
		84ABFBA31ECDB0EE000E86DF /* Assets.xcassets in Resources */ = {isa = PBXBuildFile; fileRef = 84ABFBA21ECDB0EE000E86DF /* Assets.xcassets */; };
		84ABFBA61ECDB0EE000E86DF /* LaunchScreen.storyboard in Resources */ = {isa = PBXBuildFile; fileRef = 84ABFBA41ECDB0EE000E86DF /* LaunchScreen.storyboard */; };
		84ABFBB11ECDB165000E86DF /* NetworkModel.swift in Sources */ = {isa = PBXBuildFile; fileRef = 84ABFBB01ECDB165000E86DF /* NetworkModel.swift */; };
		BC97484DC0FCB32A72E791E8 /* Pods_GuideToUsingJSONData.framework in Frameworks */ = {isa = PBXBuildFile; fileRef = DCD972EF0772A11073ECE105 /* Pods_GuideToUsingJSONData.framework */; };
/* End PBXBuildFile section */

/* Begin PBXFileReference section */
		84ABFB981ECDB0EE000E86DF /* GuideToUsingJSONData.app */ = {isa = PBXFileReference; explicitFileType = wrapper.application; includeInIndex = 0; path = GuideToUsingJSONData.app; sourceTree = BUILT_PRODUCTS_DIR; };
		84ABFB9B1ECDB0EE000E86DF /* AppDelegate.swift */ = {isa = PBXFileReference; lastKnownFileType = sourcecode.swift; path = AppDelegate.swift; sourceTree = "<group>"; };
		84ABFB9D1ECDB0EE000E86DF /* StartVC.swift */ = {isa = PBXFileReference; lastKnownFileType = sourcecode.swift; path = StartVC.swift; sourceTree = "<group>"; };
		84ABFBA01ECDB0EE000E86DF /* Base */ = {isa = PBXFileReference; lastKnownFileType = file.storyboard; name = Base; path = Base.lproj/Main.storyboard; sourceTree = "<group>"; };
		84ABFBA21ECDB0EE000E86DF /* Assets.xcassets */ = {isa = PBXFileReference; lastKnownFileType = folder.assetcatalog; path = Assets.xcassets; sourceTree = "<group>"; };
		84ABFBA51ECDB0EE000E86DF /* Base */ = {isa = PBXFileReference; lastKnownFileType = file.storyboard; name = Base; path = Base.lproj/LaunchScreen.storyboard; sourceTree = "<group>"; };
		84ABFBA71ECDB0EE000E86DF /* Info.plist */ = {isa = PBXFileReference; lastKnownFileType = text.plist.xml; path = Info.plist; sourceTree = "<group>"; };
		84ABFBB01ECDB165000E86DF /* NetworkModel.swift */ = {isa = PBXFileReference; fileEncoding = 4; lastKnownFileType = sourcecode.swift; path = NetworkModel.swift; sourceTree = "<group>"; };
		9491B341AD9AB4F6B3EC75E1 /* Pods-GuideToUsingJSONData.debug.xcconfig */ = {isa = PBXFileReference; includeInIndex = 1; lastKnownFileType = text.xcconfig; name = "Pods-GuideToUsingJSONData.debug.xcconfig"; path = "Pods/Target Support Files/Pods-GuideToUsingJSONData/Pods-GuideToUsingJSONData.debug.xcconfig"; sourceTree = "<group>"; };
		DCD972EF0772A11073ECE105 /* Pods_GuideToUsingJSONData.framework */ = {isa = PBXFileReference; explicitFileType = wrapper.framework; includeInIndex = 0; path = Pods_GuideToUsingJSONData.framework; sourceTree = BUILT_PRODUCTS_DIR; };
		FC090E85285D881BF856C9DE /* Pods-GuideToUsingJSONData.release.xcconfig */ = {isa = PBXFileReference; includeInIndex = 1; lastKnownFileType = text.xcconfig; name = "Pods-GuideToUsingJSONData.release.xcconfig"; path = "Pods/Target Support Files/Pods-GuideToUsingJSONData/Pods-GuideToUsingJSONData.release.xcconfig"; sourceTree = "<group>"; };
/* End PBXFileReference section */

/* Begin PBXFrameworksBuildPhase section */
		84ABFB951ECDB0EE000E86DF /* Frameworks */ = {
			isa = PBXFrameworksBuildPhase;
			buildActionMask = 2147483647;
			files = (
				BC97484DC0FCB32A72E791E8 /* Pods_GuideToUsingJSONData.framework in Frameworks */,
			);
			runOnlyForDeploymentPostprocessing = 0;
		};
/* End PBXFrameworksBuildPhase section */

/* Begin PBXGroup section */
		1F0B653F432C5F72BE5D83F7 /* Pods */ = {
			isa = PBXGroup;
			children = (
				9491B341AD9AB4F6B3EC75E1 /* Pods-GuideToUsingJSONData.debug.xcconfig */,
				FC090E85285D881BF856C9DE /* Pods-GuideToUsingJSONData.release.xcconfig */,
			);
			name = Pods;
			sourceTree = "<group>";
		};
		84ABFB8F1ECDB0EE000E86DF = {
			isa = PBXGroup;
			children = (
				84ABFB9A1ECDB0EE000E86DF /* GuideToUsingJSONData */,
				84ABFB991ECDB0EE000E86DF /* Products */,
				1F0B653F432C5F72BE5D83F7 /* Pods */,
				E5401583C3133BFD57930579 /* Frameworks */,
			);
			sourceTree = "<group>";
		};
		84ABFB991ECDB0EE000E86DF /* Products */ = {
			isa = PBXGroup;
			children = (
				84ABFB981ECDB0EE000E86DF /* GuideToUsingJSONData.app */,
			);
			name = Products;
			sourceTree = "<group>";
		};
		84ABFB9A1ECDB0EE000E86DF /* GuideToUsingJSONData */ = {
			isa = PBXGroup;
			children = (
				84ABFB9F1ECDB0EE000E86DF /* Main.storyboard */,
				84ABFBAD1ECDB115000E86DF /* Controller */,
				84ABFBAE1ECDB13F000E86DF /* Support */,
				84ABFBA21ECDB0EE000E86DF /* Assets.xcassets */,
				84ABFBA41ECDB0EE000E86DF /* LaunchScreen.storyboard */,
				84ABFBA71ECDB0EE000E86DF /* Info.plist */,
			);
			path = GuideToUsingJSONData;
			sourceTree = "<group>";
		};
		84ABFBAD1ECDB115000E86DF /* Controller */ = {
			isa = PBXGroup;
			children = (
				84ABFB9D1ECDB0EE000E86DF /* StartVC.swift */,
				84ABFBB01ECDB165000E86DF /* NetworkModel.swift */,
			);
			name = Controller;
			sourceTree = "<group>";
		};
		84ABFBAE1ECDB13F000E86DF /* Support */ = {
			isa = PBXGroup;
			children = (
				84ABFB9B1ECDB0EE000E86DF /* AppDelegate.swift */,
			);
			name = Support;
			sourceTree = "<group>";
		};
		E5401583C3133BFD57930579 /* Frameworks */ = {
			isa = PBXGroup;
			children = (
				DCD972EF0772A11073ECE105 /* Pods_GuideToUsingJSONData.framework */,
			);
			name = Frameworks;
			sourceTree = "<group>";
		};
/* End PBXGroup section */

/* Begin PBXNativeTarget section */
		84ABFB971ECDB0EE000E86DF /* GuideToUsingJSONData */ = {
			isa = PBXNativeTarget;
			buildConfigurationList = 84ABFBAA1ECDB0EE000E86DF /* Build configuration list for PBXNativeTarget "GuideToUsingJSONData" */;
			buildPhases = (
				43BA0A205C92DAD075E8E8C2 /* [CP] Check Pods Manifest.lock */,
				84ABFB941ECDB0EE000E86DF /* Sources */,
				84ABFB951ECDB0EE000E86DF /* Frameworks */,
				84ABFB961ECDB0EE000E86DF /* Resources */,
				FBACA641C7ACA4DAD996D295 /* [CP] Embed Pods Frameworks */,
				37DC630C84DDF0E41C89D78F /* [CP] Copy Pods Resources */,
			);
			buildRules = (
			);
			dependencies = (
			);
			name = GuideToUsingJSONData;
			productName = GuideToUsingJSONData;
			productReference = 84ABFB981ECDB0EE000E86DF /* GuideToUsingJSONData.app */;
			productType = "com.apple.product-type.application";
		};
/* End PBXNativeTarget section */

/* Begin PBXProject section */
		84ABFB901ECDB0EE000E86DF /* Project object */ = {
			isa = PBXProject;
			attributes = {
				LastSwiftUpdateCheck = 0830;
				LastUpgradeCheck = 0830;
				ORGANIZATIONNAME = admin;
				TargetAttributes = {
					84ABFB971ECDB0EE000E86DF = {
						CreatedOnToolsVersion = 8.3.2;
						ProvisioningStyle = Automatic;
					};
				};
			};
			buildConfigurationList = 84ABFB931ECDB0EE000E86DF /* Build configuration list for PBXProject "GuideToUsingJSONData" */;
			compatibilityVersion = "Xcode 3.2";
			developmentRegion = English;
			hasScannedForEncodings = 0;
			knownRegions = (
				en,
				Base,
			);
			mainGroup = 84ABFB8F1ECDB0EE000E86DF;
			productRefGroup = 84ABFB991ECDB0EE000E86DF /* Products */;
			projectDirPath = "";
			projectRoot = "";
			targets = (
				84ABFB971ECDB0EE000E86DF /* GuideToUsingJSONData */,
			);
		};
/* End PBXProject section */

/* Begin PBXResourcesBuildPhase section */
		84ABFB961ECDB0EE000E86DF /* Resources */ = {
			isa = PBXResourcesBuildPhase;
			buildActionMask = 2147483647;
			files = (
				84ABFBA61ECDB0EE000E86DF /* LaunchScreen.storyboard in Resources */,
				84ABFBA31ECDB0EE000E86DF /* Assets.xcassets in Resources */,
				84ABFBA11ECDB0EE000E86DF /* Main.storyboard in Resources */,
			);
			runOnlyForDeploymentPostprocessing = 0;
		};
/* End PBXResourcesBuildPhase section */

/* Begin PBXShellScriptBuildPhase section */
		37DC630C84DDF0E41C89D78F /* [CP] Copy Pods Resources */ = {
			isa = PBXShellScriptBuildPhase;
			buildActionMask = 2147483647;
			files = (
			);
			inputPaths = (
			);
			name = "[CP] Copy Pods Resources";
			outputPaths = (
			);
			runOnlyForDeploymentPostprocessing = 0;
			shellPath = /bin/sh;
			shellScript = "\"${SRCROOT}/Pods/Target Support Files/Pods-GuideToUsingJSONData/Pods-GuideToUsingJSONData-resources.sh\"\n";
			showEnvVarsInLog = 0;
		};
		43BA0A205C92DAD075E8E8C2 /* [CP] Check Pods Manifest.lock */ = {
			isa = PBXShellScriptBuildPhase;
			buildActionMask = 2147483647;
			files = (
			);
			inputPaths = (
			);
			name = "[CP] Check Pods Manifest.lock";
			outputPaths = (
			);
			runOnlyForDeploymentPostprocessing = 0;
			shellPath = /bin/sh;
			shellScript = "diff \"${PODS_PODFILE_DIR_PATH}/Podfile.lock\" \"${PODS_ROOT}/Manifest.lock\" > /dev/null\nif [ $? != 0 ] ; then\n    # print error to STDERR\n    echo \"error: The sandbox is not in sync with the Podfile.lock. Run 'pod install' or update your CocoaPods installation.\" >&2\n    exit 1\nfi\n";
			showEnvVarsInLog = 0;
		};
		FBACA641C7ACA4DAD996D295 /* [CP] Embed Pods Frameworks */ = {
			isa = PBXShellScriptBuildPhase;
			buildActionMask = 2147483647;
			files = (
			);
			inputPaths = (
			);
			name = "[CP] Embed Pods Frameworks";
			outputPaths = (
			);
			runOnlyForDeploymentPostprocessing = 0;
			shellPath = /bin/sh;
			shellScript = "\"${SRCROOT}/Pods/Target Support Files/Pods-GuideToUsingJSONData/Pods-GuideToUsingJSONData-frameworks.sh\"\n";
			showEnvVarsInLog = 0;
		};
/* End PBXShellScriptBuildPhase section */

/* Begin PBXSourcesBuildPhase section */
		84ABFB941ECDB0EE000E86DF /* Sources */ = {
			isa = PBXSourcesBuildPhase;
			buildActionMask = 2147483647;
			files = (
				84ABFBB11ECDB165000E86DF /* NetworkModel.swift in Sources */,
				84ABFB9E1ECDB0EE000E86DF /* StartVC.swift in Sources */,
				84ABFB9C1ECDB0EE000E86DF /* AppDelegate.swift in Sources */,
			);
			runOnlyForDeploymentPostprocessing = 0;
		};
/* End PBXSourcesBuildPhase section */

/* Begin PBXVariantGroup section */
		84ABFB9F1ECDB0EE000E86DF /* Main.storyboard */ = {
			isa = PBXVariantGroup;
			children = (
				84ABFBA01ECDB0EE000E86DF /* Base */,
			);
			name = Main.storyboard;
			sourceTree = "<group>";
		};
		84ABFBA41ECDB0EE000E86DF /* LaunchScreen.storyboard */ = {
			isa = PBXVariantGroup;
			children = (
				84ABFBA51ECDB0EE000E86DF /* Base */,
			);
			name = LaunchScreen.storyboard;
			sourceTree = "<group>";
		};
/* End PBXVariantGroup section */

/* Begin XCBuildConfiguration section */
		84ABFBA81ECDB0EE000E86DF /* Debug */ = {
			isa = XCBuildConfiguration;
			buildSettings = {
				ALWAYS_SEARCH_USER_PATHS = NO;
				CLANG_ANALYZER_NONNULL = YES;
				CLANG_ANALYZER_NUMBER_OBJECT_CONVERSION = YES_AGGRESSIVE;
				CLANG_CXX_LANGUAGE_STANDARD = "gnu++0x";
				CLANG_CXX_LIBRARY = "libc++";
				CLANG_ENABLE_MODULES = YES;
				CLANG_ENABLE_OBJC_ARC = YES;
				CLANG_WARN_BOOL_CONVERSION = YES;
				CLANG_WARN_CONSTANT_CONVERSION = YES;
				CLANG_WARN_DIRECT_OBJC_ISA_USAGE = YES_ERROR;
				CLANG_WARN_DOCUMENTATION_COMMENTS = YES;
				CLANG_WARN_EMPTY_BODY = YES;
				CLANG_WARN_ENUM_CONVERSION = YES;
				CLANG_WARN_INFINITE_RECURSION = YES;
				CLANG_WARN_INT_CONVERSION = YES;
				CLANG_WARN_OBJC_ROOT_CLASS = YES_ERROR;
				CLANG_WARN_SUSPICIOUS_MOVE = YES;
				CLANG_WARN_UNREACHABLE_CODE = YES;
				CLANG_WARN__DUPLICATE_METHOD_MATCH = YES;
				"CODE_SIGN_IDENTITY[sdk=iphoneos*]" = "iPhone Developer";
				COPY_PHASE_STRIP = NO;
				DEBUG_INFORMATION_FORMAT = dwarf;
				ENABLE_STRICT_OBJC_MSGSEND = YES;
				ENABLE_TESTABILITY = YES;
				GCC_C_LANGUAGE_STANDARD = gnu99;
				GCC_DYNAMIC_NO_PIC = NO;
				GCC_NO_COMMON_BLOCKS = YES;
				GCC_OPTIMIZATION_LEVEL = 0;
				GCC_PREPROCESSOR_DEFINITIONS = (
					"DEBUG=1",
					"$(inherited)",
				);
				GCC_WARN_64_TO_32_BIT_CONVERSION = YES;
				GCC_WARN_ABOUT_RETURN_TYPE = YES_ERROR;
				GCC_WARN_UNDECLARED_SELECTOR = YES;
				GCC_WARN_UNINITIALIZED_AUTOS = YES_AGGRESSIVE;
				GCC_WARN_UNUSED_FUNCTION = YES;
				GCC_WARN_UNUSED_VARIABLE = YES;
				IPHONEOS_DEPLOYMENT_TARGET = 10.3;
				MTL_ENABLE_DEBUG_INFO = YES;
				ONLY_ACTIVE_ARCH = YES;
				SDKROOT = iphoneos;
				SWIFT_ACTIVE_COMPILATION_CONDITIONS = DEBUG;
				SWIFT_OPTIMIZATION_LEVEL = "-Onone";
			};
			name = Debug;
		};
		84ABFBA91ECDB0EE000E86DF /* Release */ = {
			isa = XCBuildConfiguration;
			buildSettings = {
				ALWAYS_SEARCH_USER_PATHS = NO;
				CLANG_ANALYZER_NONNULL = YES;
				CLANG_ANALYZER_NUMBER_OBJECT_CONVERSION = YES_AGGRESSIVE;
				CLANG_CXX_LANGUAGE_STANDARD = "gnu++0x";
				CLANG_CXX_LIBRARY = "libc++";
				CLANG_ENABLE_MODULES = YES;
				CLANG_ENABLE_OBJC_ARC = YES;
				CLANG_WARN_BOOL_CONVERSION = YES;
				CLANG_WARN_CONSTANT_CONVERSION = YES;
				CLANG_WARN_DIRECT_OBJC_ISA_USAGE = YES_ERROR;
				CLANG_WARN_DOCUMENTATION_COMMENTS = YES;
				CLANG_WARN_EMPTY_BODY = YES;
				CLANG_WARN_ENUM_CONVERSION = YES;
				CLANG_WARN_INFINITE_RECURSION = YES;
				CLANG_WARN_INT_CONVERSION = YES;
				CLANG_WARN_OBJC_ROOT_CLASS = YES_ERROR;
				CLANG_WARN_SUSPICIOUS_MOVE = YES;
				CLANG_WARN_UNREACHABLE_CODE = YES;
				CLANG_WARN__DUPLICATE_METHOD_MATCH = YES;
				"CODE_SIGN_IDENTITY[sdk=iphoneos*]" = "iPhone Developer";
				COPY_PHASE_STRIP = NO;
				DEBUG_INFORMATION_FORMAT = "dwarf-with-dsym";
				ENABLE_NS_ASSERTIONS = NO;
				ENABLE_STRICT_OBJC_MSGSEND = YES;
				GCC_C_LANGUAGE_STANDARD = gnu99;
				GCC_NO_COMMON_BLOCKS = YES;
				GCC_WARN_64_TO_32_BIT_CONVERSION = YES;
				GCC_WARN_ABOUT_RETURN_TYPE = YES_ERROR;
				GCC_WARN_UNDECLARED_SELECTOR = YES;
				GCC_WARN_UNINITIALIZED_AUTOS = YES_AGGRESSIVE;
				GCC_WARN_UNUSED_FUNCTION = YES;
				GCC_WARN_UNUSED_VARIABLE = YES;
				IPHONEOS_DEPLOYMENT_TARGET = 10.3;
				MTL_ENABLE_DEBUG_INFO = NO;
				SDKROOT = iphoneos;
				SWIFT_OPTIMIZATION_LEVEL = "-Owholemodule";
				VALIDATE_PRODUCT = YES;
			};
			name = Release;
		};
		84ABFBAB1ECDB0EE000E86DF /* Debug */ = {
			isa = XCBuildConfiguration;
			baseConfigurationReference = 9491B341AD9AB4F6B3EC75E1 /* Pods-GuideToUsingJSONData.debug.xcconfig */;
			buildSettings = {
				ASSETCATALOG_COMPILER_APPICON_NAME = AppIcon;
				INFOPLIST_FILE = GuideToUsingJSONData/Info.plist;
				LD_RUNPATH_SEARCH_PATHS = "$(inherited) @executable_path/Frameworks";
				PRODUCT_BUNDLE_IDENTIFIER = home.GuideToUsingJSONData;
				PRODUCT_NAME = "$(TARGET_NAME)";
				SWIFT_VERSION = 3.0;
			};
			name = Debug;
		};
		84ABFBAC1ECDB0EE000E86DF /* Release */ = {
			isa = XCBuildConfiguration;
			baseConfigurationReference = FC090E85285D881BF856C9DE /* Pods-GuideToUsingJSONData.release.xcconfig */;
			buildSettings = {
				ASSETCATALOG_COMPILER_APPICON_NAME = AppIcon;
				INFOPLIST_FILE = GuideToUsingJSONData/Info.plist;
				LD_RUNPATH_SEARCH_PATHS = "$(inherited) @executable_path/Frameworks";
				PRODUCT_BUNDLE_IDENTIFIER = home.GuideToUsingJSONData;
				PRODUCT_NAME = "$(TARGET_NAME)";
				SWIFT_VERSION = 3.0;
			};
			name = Release;
		};
/* End XCBuildConfiguration section */

/* Begin XCConfigurationList section */
		84ABFB931ECDB0EE000E86DF /* Build configuration list for PBXProject "GuideToUsingJSONData" */ = {
			isa = XCConfigurationList;
			buildConfigurations = (
				84ABFBA81ECDB0EE000E86DF /* Debug */,
				84ABFBA91ECDB0EE000E86DF /* Release */,
			);
			defaultConfigurationIsVisible = 0;
			defaultConfigurationName = Release;
		};
		84ABFBAA1ECDB0EE000E86DF /* Build configuration list for PBXNativeTarget "GuideToUsingJSONData" */ = {
			isa = XCConfigurationList;
			buildConfigurations = (
				84ABFBAB1ECDB0EE000E86DF /* Debug */,
				84ABFBAC1ECDB0EE000E86DF /* Release */,
			);
			defaultConfigurationIsVisible = 0;
		};
/* End XCConfigurationList section */
	};
	rootObject = 84ABFB901ECDB0EE000E86DF /* Project object */;
}
